
Microsoft Visual Studio Solution File, Format Version 12.00
# Visual Studio Version 17
VisualStudioVersion = 17.9.34902.65
MinimumVisualStudioVersion = 10.0.40219.1
Project("{9A19103F-16F7-4668-BE54-9A1E7A4F7556}") = "Silicon-CourseProvider-bmfl", "Silicon-CourseProvider-bmfl\Silicon-CourseProvider-bmfl.csproj", "{421B6DD9-9CB6-4FC3-8818-E37C474425F2}"
EndProject
Project("{9A19103F-16F7-4668-BE54-9A1E7A4F7556}") = "Silicon-CourseProvider-bmfl.Infrastructure", "Silicon-CourseProvider-bmfl.Infrastructure\Silicon-CourseProvider-bmfl.Infrastructure.csproj", "{3EC4ED55-4B23-43E5-A1C6-02E9941A518A}"
EndProject
Global
	GlobalSection(SolutionConfigurationPlatforms) = preSolution
		Debug|Any CPU = Debug|Any CPU
		Release|Any CPU = Release|Any CPU
	EndGlobalSection
	GlobalSection(ProjectConfigurationPlatforms) = postSolution
		{421B6DD9-9CB6-4FC3-8818-E37C474425F2}.Debug|Any CPU.ActiveCfg = Debug|Any CPU
		{421B6DD9-9CB6-4FC3-8818-E37C474425F2}.Debug|Any CPU.Build.0 = Debug|Any CPU
		{421B6DD9-9CB6-4FC3-8818-E37C474425F2}.Release|Any CPU.ActiveCfg = Release|Any CPU
		{421B6DD9-9CB6-4FC3-8818-E37C474425F2}.Release|Any CPU.Build.0 = Release|Any CPU
		{3EC4ED55-4B23-43E5-A1C6-02E9941A518A}.Debug|Any CPU.ActiveCfg = Debug|Any CPU
		{3EC4ED55-4B23-43E5-A1C6-02E9941A518A}.Debug|Any CPU.Build.0 = Debug|Any CPU
		{3EC4ED55-4B23-43E5-A1C6-02E9941A518A}.Release|Any CPU.ActiveCfg = Release|Any CPU
		{3EC4ED55-4B23-43E5-A1C6-02E9941A518A}.Release|Any CPU.Build.0 = Release|Any CPU
	EndGlobalSection
	GlobalSection(SolutionProperties) = preSolution
		HideSolutionNode = FALSE
	EndGlobalSection
	GlobalSection(ExtensibilityGlobals) = postSolution
		SolutionGuid = {700B9A78-0D24-45C1-BEED-7BE90745D1C2}
	EndGlobalSection
EndGlobal
